
Microsoft Visual Studio Solution File, Format Version 12.00
Project("{FAE04EC0-301F-11D3-BF4B-00C04F79EFBC}") = "Charolais", "Charolais.csproj", "{66A5B3A7-3882-4FE7-A8D3-70BD3BD30FE2}"
EndProject
Global
	GlobalSection(SolutionConfigurationPlatforms) = preSolution
		Debug|Any CPU = Debug|Any CPU
		ExportDebug|Any CPU = ExportDebug|Any CPU
		ExportRelease|Any CPU = ExportRelease|Any CPU
	EndGlobalSection
	GlobalSection(ProjectConfigurationPlatforms) = postSolution
		{66A5B3A7-3882-4FE7-A8D3-70BD3BD30FE2}.Debug|Any CPU.ActiveCfg = Debug|Any CPU
		{66A5B3A7-3882-4FE7-A8D3-70BD3BD30FE2}.Debug|Any CPU.Build.0 = Debug|Any CPU
		{66A5B3A7-3882-4FE7-A8D3-70BD3BD30FE2}.ExportDebug|Any CPU.ActiveCfg = ExportDebug|Any CPU
		{66A5B3A7-3882-4FE7-A8D3-70BD3BD30FE2}.ExportDebug|Any CPU.Build.0 = ExportDebug|Any CPU
		{66A5B3A7-3882-4FE7-A8D3-70BD3BD30FE2}.ExportRelease|Any CPU.ActiveCfg = ExportRelease|Any CPU
		{66A5B3A7-3882-4FE7-A8D3-70BD3BD30FE2}.ExportRelease|Any CPU.Build.0 = ExportRelease|Any CPU
	EndGlobalSection
EndGlobal
